
Microsoft Visual Studio Solution File, Format Version 12.00
# Visual Studio Version 16
VisualStudioVersion = 16.0.30523.141
MinimumVisualStudioVersion = 10.0.40219.1
Project("{FAE04EC0-301F-11D3-BF4B-00C04F79EFBC}") = "HangFire", "HangFire\HangFire.csproj", "{04720162-E744-4C1C-8319-121A95845DB5}"
EndProject
Global
	GlobalSection(SolutionConfigurationPlatforms) = preSolution
		Debug|Any CPU = Debug|Any CPU
		Release|Any CPU = Release|Any CPU
	EndGlobalSection
	GlobalSection(ProjectConfigurationPlatforms) = postSolution
		{04720162-E744-4C1C-8319-121A95845DB5}.Debug|Any CPU.ActiveCfg = Debug|Any CPU
		{04720162-E744-4C1C-8319-121A95845DB5}.Debug|Any CPU.Build.0 = Debug|Any CPU
		{04720162-E744-4C1C-8319-121A95845DB5}.Release|Any CPU.ActiveCfg = Release|Any CPU
		{04720162-E744-4C1C-8319-121A95845DB5}.Release|Any CPU.Build.0 = Release|Any CPU
	EndGlobalSection
	GlobalSection(SolutionProperties) = preSolution
		HideSolutionNode = FALSE
	EndGlobalSection
	GlobalSection(ExtensibilityGlobals) = postSolution
		SolutionGuid = {C13E1CDC-848C-4041-9DA7-17A9CCDD204A}
	EndGlobalSection
EndGlobal
