
Microsoft Visual Studio Solution File, Format Version 12.00
# Visual Studio Version 16
VisualStudioVersion = 16.0.30523.141
MinimumVisualStudioVersion = 10.0.40219.1
Project("{9A19103F-16F7-4668-BE54-9A1E7A4F7556}") = "HangFire.RN", "HangFire\HangFire.RN.csproj", "{04720162-E744-4C1C-8319-121A95845DB5}"
EndProject
Project("{9A19103F-16F7-4668-BE54-9A1E7A4F7556}") = "HangFire.Dashboard", "HangFire.Dashboard\HangFire.Dashboard.csproj", "{F498108A-73EC-48C6-9E3E-A9FF515FB09B}"
EndProject
Project("{9A19103F-16F7-4668-BE54-9A1E7A4F7556}") = "Hangfire.Servicos", "Hangfire.Servicos\Hangfire.Servicos.csproj", "{79C2B8A7-E97E-4D6A-88CA-8E4B9CC2D1E4}"
EndProject
Project("{FAE04EC0-301F-11D3-BF4B-00C04F79EFBC}") = "HangFire.Tests", "HangFire.Tests\HangFire.Tests.csproj", "{5B6C61E9-91C6-432A-97AF-58FD75DE0DF7}"
EndProject
Global
	GlobalSection(SolutionConfigurationPlatforms) = preSolution
		Debug|Any CPU = Debug|Any CPU
		Release|Any CPU = Release|Any CPU
	EndGlobalSection
	GlobalSection(ProjectConfigurationPlatforms) = postSolution
		{04720162-E744-4C1C-8319-121A95845DB5}.Debug|Any CPU.ActiveCfg = Debug|Any CPU
		{04720162-E744-4C1C-8319-121A95845DB5}.Debug|Any CPU.Build.0 = Debug|Any CPU
		{04720162-E744-4C1C-8319-121A95845DB5}.Release|Any CPU.ActiveCfg = Release|Any CPU
		{04720162-E744-4C1C-8319-121A95845DB5}.Release|Any CPU.Build.0 = Release|Any CPU
		{F498108A-73EC-48C6-9E3E-A9FF515FB09B}.Debug|Any CPU.ActiveCfg = Debug|Any CPU
		{F498108A-73EC-48C6-9E3E-A9FF515FB09B}.Debug|Any CPU.Build.0 = Debug|Any CPU
		{F498108A-73EC-48C6-9E3E-A9FF515FB09B}.Release|Any CPU.ActiveCfg = Release|Any CPU
		{F498108A-73EC-48C6-9E3E-A9FF515FB09B}.Release|Any CPU.Build.0 = Release|Any CPU
		{79C2B8A7-E97E-4D6A-88CA-8E4B9CC2D1E4}.Debug|Any CPU.ActiveCfg = Debug|Any CPU
		{79C2B8A7-E97E-4D6A-88CA-8E4B9CC2D1E4}.Debug|Any CPU.Build.0 = Debug|Any CPU
		{79C2B8A7-E97E-4D6A-88CA-8E4B9CC2D1E4}.Release|Any CPU.ActiveCfg = Release|Any CPU
		{79C2B8A7-E97E-4D6A-88CA-8E4B9CC2D1E4}.Release|Any CPU.Build.0 = Release|Any CPU
		{5B6C61E9-91C6-432A-97AF-58FD75DE0DF7}.Debug|Any CPU.ActiveCfg = Debug|Any CPU
		{5B6C61E9-91C6-432A-97AF-58FD75DE0DF7}.Debug|Any CPU.Build.0 = Debug|Any CPU
		{5B6C61E9-91C6-432A-97AF-58FD75DE0DF7}.Release|Any CPU.ActiveCfg = Release|Any CPU
		{5B6C61E9-91C6-432A-97AF-58FD75DE0DF7}.Release|Any CPU.Build.0 = Release|Any CPU
	EndGlobalSection
	GlobalSection(SolutionProperties) = preSolution
		HideSolutionNode = FALSE
	EndGlobalSection
	GlobalSection(ExtensibilityGlobals) = postSolution
		SolutionGuid = {C13E1CDC-848C-4041-9DA7-17A9CCDD204A}
	EndGlobalSection
EndGlobal
